PODS:
  - AgoraRtcEngine_iOS (3.6.1)
  - Fastboard (1.0.8):
    - Fastboard/core (= 1.0.8)
  - Fastboard/core (1.0.8):
    - Whiteboard (~> 2.16.24)
  - Masonry (1.1.0)
  - MBProgressHUD (1.2.0)
  - NTLBridge (3.1.4)
  - SDWebImage (5.12.5):
    - SDWebImage/Core (= 5.12.5)
  - SDWebImage/Core (5.12.5)
  - TZImagePickerController (3.8.0)
  - Whiteboard (2.16.32):
    - Whiteboard/Whiteboard-YYModel (= 2.16.32)
  - Whiteboard/Base (2.16.32):
    - NTLBridge (~> 3.1.4)
    - Whiteboard/Object
  - Whiteboard/Converter (2.16.32):
    - Whiteboard/Object
  - Whiteboard/Model (2.16.32):
    - YYModel
  - Whiteboard/NativeReplayer (2.16.32):
    - Whiteboard/Replayer
  - Whiteboard/Object (2.16.32):
    - Whiteboard/Model
  - Whiteboard/Replayer (2.16.32):
    - Whiteboard/Base
  - Whiteboard/Resource (2.16.32)
  - Whiteboard/Room (2.16.32):
    - Whiteboard/Base
  - Whiteboard/Whiteboard-YYModel (2.16.32):
    - Whiteboard/Converter
    - Whiteboard/NativeReplayer
    - Whiteboard/Resource
    - Whiteboard/Room
  - YYModel (1.0.4)

DEPENDENCIES:
  - AgoraRtcEngine_iOS (= 3.6.1)
  - Fastboard (~> 1.0.8)
  - Masonry (~> 1.1.0)
  - MBProgressHUD (~> 1.2.0)
  - SDWebImage (~> 5.12.3)
  - TZImagePickerController

SPEC REPOS:
  trunk:
    - AgoraRtcEngine_iOS
    - Fastboard
    - Masonry
    - MBProgressHUD
    - NTLBridge
    - SDWebImage
    - TZImagePickerController
    - Whiteboard
    - YYModel

SPEC CHECKSUMS:
  AgoraRtcEngine_iOS: b376bdf1b7abbdc039ac181a99742f0aee3fdd08
  Fastboard: 06013d1514b3974e51d9126253df420e1a8a7a3b
  Masonry: 678fab65091a9290e40e2832a55e7ab731aad201
  MBProgressHUD: 3ee5efcc380f6a79a7cc9b363dd669c5e1ae7406
  NTLBridge: 49780dc966976d3221a0eb03c7368617c1987cb6
  SDWebImage: 0905f1b7760fc8ac4198cae0036600d67478751e
  TZImagePickerController: f236fbc54a7e5359ae620d45c2fcac5ab9486284
  Whiteboard: fe863e23b9ec895503f05053a23abc4aa4c0116f
  YYModel: 2a7fdd96aaa4b86a824e26d0c517de8928c04b30

PODFILE CHECKSUM: 8b488e65e2ab89f1ac9816e64f998dae1899e373

COCOAPODS: 1.11.3
